<?xml version="1.0" encoding="utf-8"?>
<Project ToolsVersion="4.0" xmlns="http://schemas.microsoft.com/developer/msbuild/2003">
  <ItemGroup>
    <Filter Include="scanner">
      <UniqueIdentifier>{f93877cc-cb08-4c77-879f-6e2e3ab67099}</UniqueIdentifier>
    </Filter>
    <Filter Include="state-machine">
      <UniqueIdentifier>{1dfd9181-b52c-473f-ac67-c833e877b528}</UniqueIdentifier>
    </Filter>
    <Filter Include="utils">
      <UniqueIdentifier>{4d31b82a-10bc-4dd1-8750-6cbf0d2a8019}</UniqueIdentifier>
    </Filter>
    <Filter Include="buffer">
      <UniqueIdentifier>{3cc1e563-e44c-4e31-ab11-cd4f2b7b3c65}</UniqueIdentifier>
    </Filter>
    <Filter Include="symbol-table">
      <UniqueIdentifier>{a64d7790-2e65-4a52-b501-9a82987cb13b}</UniqueIdentifier>
    </Filter>
    <Filter Include="parser">
      <UniqueIdentifier>{525b64f5-60f6-4761-86f4-3fd82e6e2a93}</UniqueIdentifier>
    </Filter>
  </ItemGroup>
  <ItemGroup>
    <ClCompile Include="..\src\state-machine\src\StateMachine.cpp">
      <Filter>state-machine</Filter>
    </ClCompile>
    <ClCompile Include="..\src\state-machine\src\Transition.cpp">
      <Filter>state-machine</Filter>
    </ClCompile>
    <ClCompile Include="..\src\utils\src\vector_test.cpp">
      <Filter>utils</Filter>
    </ClCompile>
    <ClCompile Include="..\src\state-machine\src\TokenScanner.cpp">
      <Filter>state-machine</Filter>
    </ClCompile>
    <ClCompile Include="..\src\state-machine\src\TokenPosition.cpp">
      <Filter>state-machine</Filter>
    </ClCompile>
    <ClCompile Include="..\src\buffer\src\Buffer.cpp">
      <Filter>buffer</Filter>
    </ClCompile>
    <ClCompile Include="..\src\symbol-table\src\Information.cpp">
      <Filter>symbol-table</Filter>
    </ClCompile>
    <ClCompile Include="..\src\symbol-table\src\StringTab.cpp">
      <Filter>symbol-table</Filter>
    </ClCompile>
    <ClCompile Include="..\src\symbol-table\src\StringTabNode.cpp">
      <Filter>symbol-table</Filter>
    </ClCompile>
    <ClCompile Include="..\src\symbol-table\src\SymbolTable.cpp">
      <Filter>symbol-table</Filter>
    </ClCompile>
    <ClCompile Include="..\src\symbol-table\src\SymbolTableEntry.cpp">
      <Filter>symbol-table</Filter>
    </ClCompile>
    <ClCompile Include="..\src\scanner\src\Scanner.cpp">
      <Filter>scanner</Filter>
    </ClCompile>
    <ClCompile Include="..\src\scanner\src\Token.cpp">
      <Filter>scanner</Filter>
    </ClCompile>
    <ClCompile Include="..\src\parser\src\Node.cpp">
      <Filter>parser</Filter>
    </ClCompile>
    <ClCompile Include="..\src\parser\src\Parser.cpp">
      <Filter>parser</Filter>
    </ClCompile>
    <ClCompile Include="..\src\parser\src\ParseTree.cpp">
      <Filter>parser</Filter>
    </ClCompile>
    <ClCompile Include="..\src\parser\src\Parser_Test.cpp">
      <Filter>parser</Filter>
    </ClCompile>
  </ItemGroup>
  <ItemGroup>
    <ClInclude Include="..\src\scanner\include\Token.h">
      <Filter>scanner</Filter>
    </ClInclude>
    <ClInclude Include="..\src\state-machine\include\Condition.h">
      <Filter>state-machine</Filter>
    </ClInclude>
    <ClInclude Include="..\src\state-machine\include\StateMachine.h">
      <Filter>state-machine</Filter>
    </ClInclude>
    <ClInclude Include="..\src\state-machine\include\Transition.h">
      <Filter>state-machine</Filter>
    </ClInclude>
    <ClInclude Include="..\src\utils\include\colormod.h">
      <Filter>utils</Filter>
    </ClInclude>
    <ClInclude Include="..\src\utils\include\vector.h">
      <Filter>utils</Filter>
    </ClInclude>
    <ClInclude Include="..\src\state-machine\include\TokenPosition.h">
      <Filter>state-machine</Filter>
    </ClInclude>
    <ClInclude Include="..\src\state-machine\include\TokenScanner.h">
      <Filter>state-machine</Filter>
    </ClInclude>
    <ClInclude Include="..\src\utils\include\unistd_osinv.h">
      <Filter>utils</Filter>
    </ClInclude>
    <ClInclude Include="..\src\buffer\include\Buffer.h">
      <Filter>buffer</Filter>
    </ClInclude>
    <ClInclude Include="..\src\symbol-table\include\Information.h">
      <Filter>symbol-table</Filter>
    </ClInclude>
    <ClInclude Include="..\src\symbol-table\include\StringTab.h">
      <Filter>symbol-table</Filter>
    </ClInclude>
    <ClInclude Include="..\src\symbol-table\include\StringTabNode.h">
      <Filter>symbol-table</Filter>
    </ClInclude>
    <ClInclude Include="..\src\symbol-table\include\SymbolTable.h">
      <Filter>symbol-table</Filter>
    </ClInclude>
    <ClInclude Include="..\src\symbol-table\include\SymbolTableEntry.h">
      <Filter>symbol-table</Filter>
    </ClInclude>
    <ClInclude Include="..\src\scanner\include\Scanner.h">
      <Filter>scanner</Filter>
    </ClInclude>
    <ClInclude Include="..\src\utils\include\utils.h">
      <Filter>utils</Filter>
    </ClInclude>
    <ClInclude Include="..\src\parser\include\Node.h">
      <Filter>parser</Filter>
    </ClInclude>
    <ClInclude Include="..\src\parser\include\Parser.h">
      <Filter>parser</Filter>
    </ClInclude>
    <ClInclude Include="..\src\parser\include\ParseTree.h">
      <Filter>parser</Filter>
    </ClInclude>
    <ClInclude Include="..\src\state-machine\include\Buffer.h">
      <Filter>state-machine</Filter>
    </ClInclude>
  </ItemGroup>
</Project>